
Microsoft Visual Studio Solution File, Format Version 12.00
# Visual Studio Version 17
VisualStudioVersion = 17.0.32112.339
MinimumVisualStudioVersion = 10.0.40219.1
Project("{9A19103F-16F7-4668-BE54-9A1E7A4F7556}") = "VideoclubBaias", "VideoclubBaias\VideoclubBaias.csproj", "{44AD3014-94A1-4AFE-8D5C-52680DC70141}"
EndProject
Global
	GlobalSection(SolutionConfigurationPlatforms) = preSolution
		Debug|Any CPU = Debug|Any CPU
		Release|Any CPU = Release|Any CPU
	EndGlobalSection
	GlobalSection(ProjectConfigurationPlatforms) = postSolution
		{44AD3014-94A1-4AFE-8D5C-52680DC70141}.Debug|Any CPU.ActiveCfg = Debug|Any CPU
		{44AD3014-94A1-4AFE-8D5C-52680DC70141}.Debug|Any CPU.Build.0 = Debug|Any CPU
		{44AD3014-94A1-4AFE-8D5C-52680DC70141}.Release|Any CPU.ActiveCfg = Release|Any CPU
		{44AD3014-94A1-4AFE-8D5C-52680DC70141}.Release|Any CPU.Build.0 = Release|Any CPU
	EndGlobalSection
	GlobalSection(SolutionProperties) = preSolution
		HideSolutionNode = FALSE
	EndGlobalSection
	GlobalSection(ExtensibilityGlobals) = postSolution
		SolutionGuid = {AFF4F2AD-FBCA-4DC3-A501-8829F5F09D42}
	EndGlobalSection
EndGlobal
